
Microsoft Visual Studio Solution File, Format Version 12.00
# Visual Studio Version 17
VisualStudioVersion = 17.6.33712.159
MinimumVisualStudioVersion = 10.0.40219.1
Project("{8BC9CEB8-8B4A-11D0-8D11-00A0C91BC942}") = "Markowitz", "Markowitz\Markowitz.vcxproj", "{F8713FDD-604D-463F-AB0C-97FDB8C746F4}"
EndProject
Global
	GlobalSection(SolutionConfigurationPlatforms) = preSolution
		Debug|x64 = Debug|x64
		Debug|x86 = Debug|x86
		Release|x64 = Release|x64
		Release|x86 = Release|x86
	EndGlobalSection
	GlobalSection(ProjectConfigurationPlatforms) = postSolution
		{F8713FDD-604D-463F-AB0C-97FDB8C746F4}.Debug|x64.ActiveCfg = Debug|x64
		{F8713FDD-604D-463F-AB0C-97FDB8C746F4}.Debug|x64.Build.0 = Debug|x64
		{F8713FDD-604D-463F-AB0C-97FDB8C746F4}.Debug|x86.ActiveCfg = Debug|Win32
		{F8713FDD-604D-463F-AB0C-97FDB8C746F4}.Debug|x86.Build.0 = Debug|Win32
		{F8713FDD-604D-463F-AB0C-97FDB8C746F4}.Release|x64.ActiveCfg = Release|x64
		{F8713FDD-604D-463F-AB0C-97FDB8C746F4}.Release|x64.Build.0 = Release|x64
		{F8713FDD-604D-463F-AB0C-97FDB8C746F4}.Release|x86.ActiveCfg = Release|Win32
		{F8713FDD-604D-463F-AB0C-97FDB8C746F4}.Release|x86.Build.0 = Release|Win32
	EndGlobalSection
	GlobalSection(SolutionProperties) = preSolution
		HideSolutionNode = FALSE
	EndGlobalSection
	GlobalSection(ExtensibilityGlobals) = postSolution
		SolutionGuid = {6FC9120C-72D5-473E-90A8-52FC3D014EE6}
	EndGlobalSection
EndGlobal
